// !$*UTF8*$!
{
	archiveVersion = 1;
	classes = {
	};
	objectVersion = 51;
	objects = {

/* Begin PBXBuildFile section */
		2C2B1EB92404EB0400432AF9 /* GoogleService-Info.plist in Resources */ = {isa = PBXBuildFile; fileRef = 2C2B1EB82404EB0400432AF9 /* GoogleService-Info.plist */; };
		2C6D3D062404D3D500BD36AC /* AppDelegate.swift in Sources */ = {isa = PBXBuildFile; fileRef = 2C6D3D052404D3D500BD36AC /* AppDelegate.swift */; };
		2C6D3D082404D3D500BD36AC /* ViewController.swift in Sources */ = {isa = PBXBuildFile; fileRef = 2C6D3D072404D3D500BD36AC /* ViewController.swift */; };
		2C6D3D0B2404D3D500BD36AC /* Main.storyboard in Resources */ = {isa = PBXBuildFile; fileRef = 2C6D3D092404D3D500BD36AC /* Main.storyboard */; };
		2C6D3D0E2404D3D500BD36AC /* FamPlan_test.xcdatamodeld in Sources */ = {isa = PBXBuildFile; fileRef = 2C6D3D0C2404D3D500BD36AC /* FamPlan_test.xcdatamodeld */; };
		2C6D3D102404D3D700BD36AC /* Assets.xcassets in Resources */ = {isa = PBXBuildFile; fileRef = 2C6D3D0F2404D3D700BD36AC /* Assets.xcassets */; };
		2C6D3D132404D3D700BD36AC /* LaunchScreen.storyboard in Resources */ = {isa = PBXBuildFile; fileRef = 2C6D3D112404D3D700BD36AC /* LaunchScreen.storyboard */; };
		FFB8E0697F0DB684D2834021 /* libPods-FamPlan test.a in Frameworks */ = {isa = PBXBuildFile; fileRef = 8BD3C301A5F5DE13D1F861C6 /* libPods-FamPlan test.a */; };
/* End PBXBuildFile section */

/* Begin PBXFileReference section */
		2C2B1EB82404EB0400432AF9 /* GoogleService-Info.plist */ = {isa = PBXFileReference; fileEncoding = 4; lastKnownFileType = text.plist.xml; path = "GoogleService-Info.plist"; sourceTree = "<group>"; };
		2C2B1EBA2404EBCE00432AF9 /* README.md */ = {isa = PBXFileReference; lastKnownFileType = net.daringfireball.markdown; path = README.md; sourceTree = "<group>"; };
		2C6D3D022404D3D500BD36AC /* FamPlan test.app */ = {isa = PBXFileReference; explicitFileType = wrapper.application; includeInIndex = 0; path = "FamPlan test.app"; sourceTree = BUILT_PRODUCTS_DIR; };
		2C6D3D052404D3D500BD36AC /* AppDelegate.swift */ = {isa = PBXFileReference; lastKnownFileType = sourcecode.swift; path = AppDelegate.swift; sourceTree = "<group>"; };
		2C6D3D072404D3D500BD36AC /* ViewController.swift */ = {isa = PBXFileReference; lastKnownFileType = sourcecode.swift; path = ViewController.swift; sourceTree = "<group>"; };
		2C6D3D0A2404D3D500BD36AC /* Base */ = {isa = PBXFileReference; lastKnownFileType = file.storyboard; name = Base; path = Base.lproj/Main.storyboard; sourceTree = "<group>"; };
		2C6D3D0D2404D3D500BD36AC /* FamPlan_test.xcdatamodel */ = {isa = PBXFileReference; lastKnownFileType = wrapper.xcdatamodel; path = FamPlan_test.xcdatamodel; sourceTree = "<group>"; };
		2C6D3D0F2404D3D700BD36AC /* Assets.xcassets */ = {isa = PBXFileReference; lastKnownFileType = folder.assetcatalog; path = Assets.xcassets; sourceTree = "<group>"; };
		2C6D3D122404D3D700BD36AC /* Base */ = {isa = PBXFileReference; lastKnownFileType = file.storyboard; name = Base; path = Base.lproj/LaunchScreen.storyboard; sourceTree = "<group>"; };
		2C6D3D142404D3D700BD36AC /* Info.plist */ = {isa = PBXFileReference; lastKnownFileType = text.plist.xml; path = Info.plist; sourceTree = "<group>"; };
		8034A96E648DEE684157E065 /* Pods-FamPlan test.release.xcconfig */ = {isa = PBXFileReference; includeInIndex = 1; lastKnownFileType = text.xcconfig; name = "Pods-FamPlan test.release.xcconfig"; path = "Target Support Files/Pods-FamPlan test/Pods-FamPlan test.release.xcconfig"; sourceTree = "<group>"; };
		8BD3C301A5F5DE13D1F861C6 /* libPods-FamPlan test.a */ = {isa = PBXFileReference; explicitFileType = archive.ar; includeInIndex = 0; path = "libPods-FamPlan test.a"; sourceTree = BUILT_PRODUCTS_DIR; };
		F970B4DD82292E5A390F47F5 /* Pods-FamPlan test.debug.xcconfig */ = {isa = PBXFileReference; includeInIndex = 1; lastKnownFileType = text.xcconfig; name = "Pods-FamPlan test.debug.xcconfig"; path = "Target Support Files/Pods-FamPlan test/Pods-FamPlan test.debug.xcconfig"; sourceTree = "<group>"; };
/* End PBXFileReference section */

/* Begin PBXFrameworksBuildPhase section */
		2C6D3CFF2404D3D500BD36AC /* Frameworks */ = {
			isa = PBXFrameworksBuildPhase;
			buildActionMask = 2147483647;
			files = (
				FFB8E0697F0DB684D2834021 /* libPods-FamPlan test.a in Frameworks */,
			);
			runOnlyForDeploymentPostprocessing = 0;
		};
/* End PBXFrameworksBuildPhase section */

/* Begin PBXGroup section */
		2C6D3CF92404D3D500BD36AC = {
			isa = PBXGroup;
			children = (
				2C2B1EBA2404EBCE00432AF9 /* README.md */,
				2C6D3D042404D3D500BD36AC /* FamPlan test */,
				2C6D3D032404D3D500BD36AC /* Products */,
				DCE3ED1AE51EAA0AFFF8E18F /* Pods */,
				8BFB1E1994F63DCBBF77773D /* Frameworks */,
			);
			sourceTree = "<group>";
		};
		2C6D3D032404D3D500BD36AC /* Products */ = {
			isa = PBXGroup;
			children = (
				2C6D3D022404D3D500BD36AC /* FamPlan test.app */,
			);
			name = Products;
			sourceTree = "<group>";
		};
		2C6D3D042404D3D500BD36AC /* FamPlan test */ = {
			isa = PBXGroup;
			children = (
				2C2B1EB82404EB0400432AF9 /* GoogleService-Info.plist */,
				2C6D3D052404D3D500BD36AC /* AppDelegate.swift */,
				2C6D3D072404D3D500BD36AC /* ViewController.swift */,
				2C6D3D092404D3D500BD36AC /* Main.storyboard */,
				2C6D3D0F2404D3D700BD36AC /* Assets.xcassets */,
				2C6D3D112404D3D700BD36AC /* LaunchScreen.storyboard */,
				2C6D3D142404D3D700BD36AC /* Info.plist */,
				2C6D3D0C2404D3D500BD36AC /* FamPlan_test.xcdatamodeld */,
			);
			path = "FamPlan test";
			sourceTree = "<group>";
		};
		8BFB1E1994F63DCBBF77773D /* Frameworks */ = {
			isa = PBXGroup;
			children = (
				8BD3C301A5F5DE13D1F861C6 /* libPods-FamPlan test.a */,
			);
			name = Frameworks;
			sourceTree = "<group>";
		};
		DCE3ED1AE51EAA0AFFF8E18F /* Pods */ = {
			isa = PBXGroup;
			children = (
				F970B4DD82292E5A390F47F5 /* Pods-FamPlan test.debug.xcconfig */,
				8034A96E648DEE684157E065 /* Pods-FamPlan test.release.xcconfig */,
			);
			path = Pods;
			sourceTree = "<group>";
		};
/* End PBXGroup section */

/* Begin PBXNativeTarget section */
		2C6D3D012404D3D500BD36AC /* FamPlan test */ = {
			isa = PBXNativeTarget;
			buildConfigurationList = 2C6D3D172404D3D700BD36AC /* Build configuration list for PBXNativeTarget "FamPlan test" */;
			buildPhases = (
				C72D125D56426F7BE7B35E86 /* [CP] Check Pods Manifest.lock */,
				2C6D3CFE2404D3D500BD36AC /* Sources */,
				2C6D3CFF2404D3D500BD36AC /* Frameworks */,
				2C6D3D002404D3D500BD36AC /* Resources */,
				47502E21398C1A8E16D5EB21 /* [CP] Copy Pods Resources */,
			);
			buildRules = (
			);
			dependencies = (
			);
			name = "FamPlan test";
			productName = "FamPlan test";
			productReference = 2C6D3D022404D3D500BD36AC /* FamPlan test.app */;
			productType = "com.apple.product-type.application";
		};
/* End PBXNativeTarget section */

/* Begin PBXProject section */
		2C6D3CFA2404D3D500BD36AC /* Project object */ = {
			isa = PBXProject;
			attributes = {
				LastSwiftUpdateCheck = 1010;
				LastUpgradeCheck = 1010;
				ORGANIZATIONNAME = "Eddie Federmeyer";
				TargetAttributes = {
					2C6D3D012404D3D500BD36AC = {
						CreatedOnToolsVersion = 10.1;
					};
				};
			};
			buildConfigurationList = 2C6D3CFD2404D3D500BD36AC /* Build configuration list for PBXProject "FamPlan test" */;
			compatibilityVersion = "Xcode 9.3";
			developmentRegion = en;
			hasScannedForEncodings = 0;
			knownRegions = (
				en,
				Base,
			);
			mainGroup = 2C6D3CF92404D3D500BD36AC;
			productRefGroup = 2C6D3D032404D3D500BD36AC /* Products */;
			projectDirPath = "";
			projectRoot = "";
			targets = (
				2C6D3D012404D3D500BD36AC /* FamPlan test */,
			);
		};
/* End PBXProject section */

/* Begin PBXResourcesBuildPhase section */
		2C6D3D002404D3D500BD36AC /* Resources */ = {
			isa = PBXResourcesBuildPhase;
			buildActionMask = 2147483647;
			files = (
				2C6D3D132404D3D700BD36AC /* LaunchScreen.storyboard in Resources */,
				2C2B1EB92404EB0400432AF9 /* GoogleService-Info.plist in Resources */,
				2C6D3D102404D3D700BD36AC /* Assets.xcassets in Resources */,
				2C6D3D0B2404D3D500BD36AC /* Main.storyboard in Resources */,
			);
			runOnlyForDeploymentPostprocessing = 0;
		};
/* End PBXResourcesBuildPhase section */

/* Begin PBXShellScriptBuildPhase section */
		47502E21398C1A8E16D5EB21 /* [CP] Copy Pods Resources */ = {
			isa = PBXShellScriptBuildPhase;
			buildActionMask = 2147483647;
			files = (
			);
			inputFileListPaths = (
				"${PODS_ROOT}/Target Support Files/Pods-FamPlan test/Pods-FamPlan test-resources-${CONFIGURATION}-input-files.xcfilelist",
			);
			name = "[CP] Copy Pods Resources";
			outputFileListPaths = (
				"${PODS_ROOT}/Target Support Files/Pods-FamPlan test/Pods-FamPlan test-resources-${CONFIGURATION}-output-files.xcfilelist",
			);
			runOnlyForDeploymentPostprocessing = 0;
			shellPath = /bin/sh;
			shellScript = "\"${PODS_ROOT}/Target Support Files/Pods-FamPlan test/Pods-FamPlan test-resources.sh\"\n";
			showEnvVarsInLog = 0;
		};
		C72D125D56426F7BE7B35E86 /* [CP] Check Pods Manifest.lock */ = {
			isa = PBXShellScriptBuildPhase;
			buildActionMask = 2147483647;
			files = (
			);
			inputFileListPaths = (
			);
			inputPaths = (
				"${PODS_PODFILE_DIR_PATH}/Podfile.lock",
				"${PODS_ROOT}/Manifest.lock",
			);
			name = "[CP] Check Pods Manifest.lock";
			outputFileListPaths = (
			);
			outputPaths = (
				"$(DERIVED_FILE_DIR)/Pods-FamPlan test-checkManifestLockResult.txt",
			);
			runOnlyForDeploymentPostprocessing = 0;
			shellPath = /bin/sh;
			shellScript = "diff \"${PODS_PODFILE_DIR_PATH}/Podfile.lock\" \"${PODS_ROOT}/Manifest.lock\" > /dev/null\nif [ $? != 0 ] ; then\n    # print error to STDERR\n    echo \"error: The sandbox is not in sync with the Podfile.lock. Run 'pod install' or update your CocoaPods installation.\" >&2\n    exit 1\nfi\n# This output is used by Xcode 'outputs' to avoid re-running this script phase.\necho \"SUCCESS\" > \"${SCRIPT_OUTPUT_FILE_0}\"\n";
			showEnvVarsInLog = 0;
		};
/* End PBXShellScriptBuildPhase section */

/* Begin PBXSourcesBuildPhase section */
		2C6D3CFE2404D3D500BD36AC /* Sources */ = {
			isa = PBXSourcesBuildPhase;
			buildActionMask = 2147483647;
			files = (
				2C6D3D082404D3D500BD36AC /* ViewController.swift in Sources */,
				2C6D3D0E2404D3D500BD36AC /* FamPlan_test.xcdatamodeld in Sources */,
				2C6D3D062404D3D500BD36AC /* AppDelegate.swift in Sources */,
			);
			runOnlyForDeploymentPostprocessing = 0;
		};
/* End PBXSourcesBuildPhase section */

/* Begin PBXVariantGroup section */
		2C6D3D092404D3D500BD36AC /* Main.storyboard */ = {
			isa = PBXVariantGroup;
			children = (
				2C6D3D0A2404D3D500BD36AC /* Base */,
			);
			name = Main.storyboard;
			sourceTree = "<group>";
		};
		2C6D3D112404D3D700BD36AC /* LaunchScreen.storyboard */ = {
			isa = PBXVariantGroup;
			children = (
				2C6D3D122404D3D700BD36AC /* Base */,
			);
			name = LaunchScreen.storyboard;
			sourceTree = "<group>";
		};
/* End PBXVariantGroup section */

/* Begin XCBuildConfiguration section */
		2C6D3D152404D3D700BD36AC /* Debug */ = {
			isa = XCBuildConfiguration;
			buildSettings = {
				ALWAYS_SEARCH_USER_PATHS = NO;
				CLANG_ANALYZER_NONNULL = YES;
				CLANG_ANALYZER_NUMBER_OBJECT_CONVERSION = YES_AGGRESSIVE;
				CLANG_CXX_LANGUAGE_STANDARD = "gnu++14";
				CLANG_CXX_LIBRARY = "libc++";
				CLANG_ENABLE_MODULES = YES;
				CLANG_ENABLE_OBJC_ARC = YES;
				CLANG_ENABLE_OBJC_WEAK = YES;
				CLANG_WARN_BLOCK_CAPTURE_AUTORELEASING = YES;
				CLANG_WARN_BOOL_CONVERSION = YES;
				CLANG_WARN_COMMA = YES;
				CLANG_WARN_CONSTANT_CONVERSION = YES;
				CLANG_WARN_DEPRECATED_OBJC_IMPLEMENTATIONS = YES;
				CLANG_WARN_DIRECT_OBJC_ISA_USAGE = YES_ERROR;
				CLANG_WARN_DOCUMENTATION_COMMENTS = YES;
				CLANG_WARN_EMPTY_BODY = YES;
				CLANG_WARN_ENUM_CONVERSION = YES;
				CLANG_WARN_INFINITE_RECURSION = YES;
				CLANG_WARN_INT_CONVERSION = YES;
				CLANG_WARN_NON_LITERAL_NULL_CONVERSION = YES;
				CLANG_WARN_OBJC_IMPLICIT_RETAIN_SELF = YES;
				CLANG_WARN_OBJC_LITERAL_CONVERSION = YES;
				CLANG_WARN_OBJC_ROOT_CLASS = YES_ERROR;
				CLANG_WARN_RANGE_LOOP_ANALYSIS = YES;
				CLANG_WARN_STRICT_PROTOTYPES = YES;
				CLANG_WARN_SUSPICIOUS_MOVE = YES;
				CLANG_WARN_UNGUARDED_AVAILABILITY = YES_AGGRESSIVE;
				CLANG_WARN_UNREACHABLE_CODE = YES;
				CLANG_WARN__DUPLICATE_METHOD_MATCH = YES;
				CODE_SIGN_IDENTITY = "iPhone Developer";
				COPY_PHASE_STRIP = NO;
				DEBUG_INFORMATION_FORMAT = dwarf;
				ENABLE_STRICT_OBJC_MSGSEND = YES;
				ENABLE_TESTABILITY = YES;
				GCC_C_LANGUAGE_STANDARD = gnu11;
				GCC_DYNAMIC_NO_PIC = NO;
				GCC_NO_COMMON_BLOCKS = YES;
				GCC_OPTIMIZATION_LEVEL = 0;
				GCC_PREPROCESSOR_DEFINITIONS = (
					"DEBUG=1",
					"$(inherited)",
				);
				GCC_WARN_64_TO_32_BIT_CONVERSION = YES;
				GCC_WARN_ABOUT_RETURN_TYPE = YES_ERROR;
				GCC_WARN_UNDECLARED_SELECTOR = YES;
				GCC_WARN_UNINITIALIZED_AUTOS = YES_AGGRESSIVE;
				GCC_WARN_UNUSED_FUNCTION = YES;
				GCC_WARN_UNUSED_VARIABLE = YES;
				IPHONEOS_DEPLOYMENT_TARGET = 10.0;
				MTL_ENABLE_DEBUG_INFO = INCLUDE_SOURCE;
				MTL_FAST_MATH = YES;
				ONLY_ACTIVE_ARCH = YES;
				SDKROOT = iphoneos;
				SWIFT_ACTIVE_COMPILATION_CONDITIONS = DEBUG;
				SWIFT_OPTIMIZATION_LEVEL = "-Onone";
			};
			name = Debug;
		};
		2C6D3D162404D3D700BD36AC /* Release */ = {
			isa = XCBuildConfiguration;
			buildSettings = {
				ALWAYS_SEARCH_USER_PATHS = NO;
				CLANG_ANALYZER_NONNULL = YES;
				CLANG_ANALYZER_NUMBER_OBJECT_CONVERSION = YES_AGGRESSIVE;
				CLANG_CXX_LANGUAGE_STANDARD = "gnu++14";
				CLANG_CXX_LIBRARY = "libc++";
				CLANG_ENABLE_MODULES = YES;
				CLANG_ENABLE_OBJC_ARC = YES;
				CLANG_ENABLE_OBJC_WEAK = YES;
				CLANG_WARN_BLOCK_CAPTURE_AUTORELEASING = YES;
				CLANG_WARN_BOOL_CONVERSION = YES;
				CLANG_WARN_COMMA = YES;
				CLANG_WARN_CONSTANT_CONVERSION = YES;
				CLANG_WARN_DEPRECATED_OBJC_IMPLEMENTATIONS = YES;
				CLANG_WARN_DIRECT_OBJC_ISA_USAGE = YES_ERROR;
				CLANG_WARN_DOCUMENTATION_COMMENTS = YES;
				CLANG_WARN_EMPTY_BODY = YES;
				CLANG_WARN_ENUM_CONVERSION = YES;
				CLANG_WARN_INFINITE_RECURSION = YES;
				CLANG_WARN_INT_CONVERSION = YES;
				CLANG_WARN_NON_LITERAL_NULL_CONVERSION = YES;
				CLANG_WARN_OBJC_IMPLICIT_RETAIN_SELF = YES;
				CLANG_WARN_OBJC_LITERAL_CONVERSION = YES;
				CLANG_WARN_OBJC_ROOT_CLASS = YES_ERROR;
				CLANG_WARN_RANGE_LOOP_ANALYSIS = YES;
				CLANG_WARN_STRICT_PROTOTYPES = YES;
				CLANG_WARN_SUSPICIOUS_MOVE = YES;
				CLANG_WARN_UNGUARDED_AVAILABILITY = YES_AGGRESSIVE;
				CLANG_WARN_UNREACHABLE_CODE = YES;
				CLANG_WARN__DUPLICATE_METHOD_MATCH = YES;
				CODE_SIGN_IDENTITY = "iPhone Developer";
				COPY_PHASE_STRIP = NO;
				DEBUG_INFORMATION_FORMAT = "dwarf-with-dsym";
				ENABLE_NS_ASSERTIONS = NO;
				ENABLE_STRICT_OBJC_MSGSEND = YES;
				GCC_C_LANGUAGE_STANDARD = gnu11;
				GCC_NO_COMMON_BLOCKS = YES;
				GCC_WARN_64_TO_32_BIT_CONVERSION = YES;
				GCC_WARN_ABOUT_RETURN_TYPE = YES_ERROR;
				GCC_WARN_UNDECLARED_SELECTOR = YES;
				GCC_WARN_UNINITIALIZED_AUTOS = YES_AGGRESSIVE;
				GCC_WARN_UNUSED_FUNCTION = YES;
				GCC_WARN_UNUSED_VARIABLE = YES;
				IPHONEOS_DEPLOYMENT_TARGET = 10.0;
				MTL_ENABLE_DEBUG_INFO = NO;
				MTL_FAST_MATH = YES;
				SDKROOT = iphoneos;
				SWIFT_COMPILATION_MODE = wholemodule;
				SWIFT_OPTIMIZATION_LEVEL = "-O";
				VALIDATE_PRODUCT = YES;
			};
			name = Release;
		};
		2C6D3D182404D3D700BD36AC /* Debug */ = {
			isa = XCBuildConfiguration;
			baseConfigurationReference = F970B4DD82292E5A390F47F5 /* Pods-FamPlan test.debug.xcconfig */;
			buildSettings = {
				ASSETCATALOG_COMPILER_APPICON_NAME = AppIcon;
				CODE_SIGN_STYLE = Automatic;
				DEVELOPMENT_TEAM = 5D86A7LKZL;
				INFOPLIST_FILE = "FamPlan test/Info.plist";
				LD_RUNPATH_SEARCH_PATHS = (
					"$(inherited)",
					"@executable_path/Frameworks",
				);
				PRODUCT_BUNDLE_IDENTIFIER = "com.conant.Final-MyFamPlan";
				PRODUCT_NAME = "$(TARGET_NAME)";
				SWIFT_VERSION = 4.2;
				TARGETED_DEVICE_FAMILY = "1,2";
			};
			name = Debug;
		};
		2C6D3D192404D3D700BD36AC /* Release */ = {
			isa = XCBuildConfiguration;
			baseConfigurationReference = 8034A96E648DEE684157E065 /* Pods-FamPlan test.release.xcconfig */;
			buildSettings = {
				ASSETCATALOG_COMPILER_APPICON_NAME = AppIcon;
				CODE_SIGN_STYLE = Automatic;
				DEVELOPMENT_TEAM = 5D86A7LKZL;
				INFOPLIST_FILE = "FamPlan test/Info.plist";
				LD_RUNPATH_SEARCH_PATHS = (
					"$(inherited)",
					"@executable_path/Frameworks",
				);
				PRODUCT_BUNDLE_IDENTIFIER = "com.conant.Final-MyFamPlan";
				PRODUCT_NAME = "$(TARGET_NAME)";
				SWIFT_VERSION = 4.2;
				TARGETED_DEVICE_FAMILY = "1,2";
			};
			name = Release;
		};
/* End XCBuildConfiguration section */

/* Begin XCConfigurationList section */
		2C6D3CFD2404D3D500BD36AC /* Build configuration list for PBXProject "FamPlan test" */ = {
			isa = XCConfigurationList;
			buildConfigurations = (
				2C6D3D152404D3D700BD36AC /* Debug */,
				2C6D3D162404D3D700BD36AC /* Release */,
			);
			defaultConfigurationIsVisible = 0;
			defaultConfigurationName = Release;
		};
		2C6D3D172404D3D700BD36AC /* Build configuration list for PBXNativeTarget "FamPlan test" */ = {
			isa = XCConfigurationList;
			buildConfigurations = (
				2C6D3D182404D3D700BD36AC /* Debug */,
				2C6D3D192404D3D700BD36AC /* Release */,
			);
			defaultConfigurationIsVisible = 0;
			defaultConfigurationName = Release;
		};
/* End XCConfigurationList section */

/* Begin XCVersionGroup section */
		2C6D3D0C2404D3D500BD36AC /* FamPlan_test.xcdatamodeld */ = {
			isa = XCVersionGroup;
			children = (
				2C6D3D0D2404D3D500BD36AC /* FamPlan_test.xcdatamodel */,
			);
			currentVersion = 2C6D3D0D2404D3D500BD36AC /* FamPlan_test.xcdatamodel */;
			path = FamPlan_test.xcdatamodeld;
			sourceTree = "<group>";
			versionGroupType = wrapper.xcdatamodel;
		};
/* End XCVersionGroup section */
	};
	rootObject = 2C6D3CFA2404D3D500BD36AC /* Project object */;
}
